
Microsoft Visual Studio Solution File, Format Version 12.00
# Visual Studio Version 16
VisualStudioVersion = 16.0.31005.135
MinimumVisualStudioVersion = 10.0.40219.1
Project("{FAE04EC0-301F-11D3-BF4B-00C04F79EFBC}") = "BG_BIM_Interface.UI", "BG_BIM_Interface.UI\BG_BIM_Interface.UI.csproj", "{AFE98F5E-EEE7-4DE6-AE0C-A6E7D8220C9A}"
EndProject
Project("{FAE04EC0-301F-11D3-BF4B-00C04F79EFBC}") = "BG_BIM_Interface.ViewModels", "BG_BIM_Interface.ViewModels\BG_BIM_Interface.ViewModels.csproj", "{E1A03F2E-1F46-4E56-BEC3-70DA7DB059A1}"
EndProject
Project("{FAE04EC0-301F-11D3-BF4B-00C04F79EFBC}") = "BG_BIM_Interface.MVVM", "BG_BIM_Interface.MVVM\BG_BIM_Interface.MVVM.csproj", "{A620B861-8983-4C9F-8EE6-FE0538236D66}"
EndProject
Project("{FAE04EC0-301F-11D3-BF4B-00C04F79EFBC}") = "BG_BIM_Interface.Rhinoceros", "BG_BIM_Interface.Rhinoceros\BG_BIM_Interface.Rhinoceros.csproj", "{C3C7EF53-1351-478F-A7B4-F8601719E96E}"
EndProject
Global
	GlobalSection(SolutionConfigurationPlatforms) = preSolution
		Debug|Any CPU = Debug|Any CPU
		Release|Any CPU = Release|Any CPU
	EndGlobalSection
	GlobalSection(ProjectConfigurationPlatforms) = postSolution
		{AFE98F5E-EEE7-4DE6-AE0C-A6E7D8220C9A}.Debug|Any CPU.ActiveCfg = Debug|Any CPU
		{AFE98F5E-EEE7-4DE6-AE0C-A6E7D8220C9A}.Debug|Any CPU.Build.0 = Debug|Any CPU
		{AFE98F5E-EEE7-4DE6-AE0C-A6E7D8220C9A}.Release|Any CPU.ActiveCfg = Release|Any CPU
		{AFE98F5E-EEE7-4DE6-AE0C-A6E7D8220C9A}.Release|Any CPU.Build.0 = Release|Any CPU
		{E1A03F2E-1F46-4E56-BEC3-70DA7DB059A1}.Debug|Any CPU.ActiveCfg = Debug|Any CPU
		{E1A03F2E-1F46-4E56-BEC3-70DA7DB059A1}.Debug|Any CPU.Build.0 = Debug|Any CPU
		{E1A03F2E-1F46-4E56-BEC3-70DA7DB059A1}.Release|Any CPU.ActiveCfg = Release|Any CPU
		{E1A03F2E-1F46-4E56-BEC3-70DA7DB059A1}.Release|Any CPU.Build.0 = Release|Any CPU
		{A620B861-8983-4C9F-8EE6-FE0538236D66}.Debug|Any CPU.ActiveCfg = Debug|Any CPU
		{A620B861-8983-4C9F-8EE6-FE0538236D66}.Debug|Any CPU.Build.0 = Debug|Any CPU
		{A620B861-8983-4C9F-8EE6-FE0538236D66}.Release|Any CPU.ActiveCfg = Release|Any CPU
		{A620B861-8983-4C9F-8EE6-FE0538236D66}.Release|Any CPU.Build.0 = Release|Any CPU
		{C3C7EF53-1351-478F-A7B4-F8601719E96E}.Debug|Any CPU.ActiveCfg = Debug|Any CPU
		{C3C7EF53-1351-478F-A7B4-F8601719E96E}.Debug|Any CPU.Build.0 = Debug|Any CPU
		{C3C7EF53-1351-478F-A7B4-F8601719E96E}.Release|Any CPU.ActiveCfg = Release|Any CPU
		{C3C7EF53-1351-478F-A7B4-F8601719E96E}.Release|Any CPU.Build.0 = Release|Any CPU
	EndGlobalSection
	GlobalSection(SolutionProperties) = preSolution
		HideSolutionNode = FALSE
	EndGlobalSection
	GlobalSection(ExtensibilityGlobals) = postSolution
		SolutionGuid = {952B0E37-99F3-4C3C-8485-ECB77B85F108}
	EndGlobalSection
EndGlobal
